lockfileVersion: '6.0'

settings:
  autoInstallPeers: true
  excludeLinksFromLockfile: false

devDependencies:
  '@types/express':
    specifier: ^4.17.18
    version: 4.17.18
  '@types/node':
    specifier: ^20.8.3
    version: 20.8.3

packages:

  /@types/body-parser@1.19.3:
    resolution: {integrity: sha512-oyl4jvAfTGX9Bt6Or4H9ni1Z447/tQuxnZsytsCaExKlmJiU8sFgnIBRzJUpKwB5eWn9HuBYlUlVA74q/yN0eQ==}
    dependencies:
      '@types/connect': 3.4.36
      '@types/node': 20.8.3
    dev: true

  /@types/connect@3.4.36:
    resolution: {integrity: sha512-P63Zd/JUGq+PdrM1lv0Wv5SBYeA2+CORvbrXbngriYY0jzLUWfQMQQxOhjONEz/wlHOAxOdY7CY65rgQdTjq2w==}
    dependencies:
      '@types/node': 20.8.3
    dev: true

  /@types/express-serve-static-core@4.17.37:
    resolution: {integrity: sha512-ZohaCYTgGFcOP7u6aJOhY9uIZQgZ2vxC2yWoArY+FeDXlqeH66ZVBjgvg+RLVAS/DWNq4Ap9ZXu1+SUQiiWYMg==}
    dependencies:
      '@types/node': 20.8.3
      '@types/qs': 6.9.8
      '@types/range-parser': 1.2.5
      '@types/send': 0.17.2
    dev: true

  /@types/express@4.17.18:
    resolution: {integrity: sha512-Sxv8BSLLgsBYmcnGdGjjEjqET2U+AKAdCRODmMiq02FgjwuV75Ut85DRpvFjyw/Mk0vgUOliGRU0UUmuuZHByQ==}
    dependencies:
      '@types/body-parser': 1.19.3
      '@types/express-serve-static-core': 4.17.37
      '@types/qs': 6.9.8
      '@types/serve-static': 1.15.3
    dev: true

  /@types/http-errors@2.0.2:
    resolution: {integrity: sha512-lPG6KlZs88gef6aD85z3HNkztpj7w2R7HmR3gygjfXCQmsLloWNARFkMuzKiiY8FGdh1XDpgBdrSf4aKDiA7Kg==}
    dev: true

  /@types/mime@1.3.3:
    resolution: {integrity: sha512-Ys+/St+2VF4+xuY6+kDIXGxbNRO0mesVg0bbxEfB97Od1Vjpjx9KD1qxs64Gcb3CWPirk9Xe+PT4YiiHQ9T+eg==}
    dev: true

  /@types/mime@3.0.2:
    resolution: {integrity: sha512-Wj+fqpTLtTbG7c0tH47dkahefpLKEbB+xAZuLq7b4/IDHPl/n6VoXcyUQ2bypFlbSwvCr0y+bD4euTTqTJsPxQ==}
    dev: true

  /@types/node@20.8.3:
    resolution: {integrity: sha512-jxiZQFpb+NlH5kjW49vXxvxTjeeqlbsnTAdBTKpzEdPs9itay7MscYXz3Fo9VYFEsfQ6LJFitHad3faerLAjCw==}
    dev: true

  /@types/qs@6.9.8:
    resolution: {integrity: sha512-u95svzDlTysU5xecFNTgfFG5RUWu1A9P0VzgpcIiGZA9iraHOdSzcxMxQ55DyeRaGCSxQi7LxXDI4rzq/MYfdg==}
    dev: true

  /@types/range-parser@1.2.5:
    resolution: {integrity: sha512-xrO9OoVPqFuYyR/loIHjnbvvyRZREYKLjxV4+dY6v3FQR3stQ9ZxIGkaclF7YhI9hfjpuTbu14hZEy94qKLtOA==}
    dev: true

  /@types/send@0.17.2:
    resolution: {integrity: sha512-aAG6yRf6r0wQ29bkS+x97BIs64ZLxeE/ARwyS6wrldMm3C1MdKwCcnnEwMC1slI8wuxJOpiUH9MioC0A0i+GJw==}
    dependencies:
      '@types/mime': 1.3.3
      '@types/node': 20.8.3
    dev: true

  /@types/serve-static@1.15.3:
    resolution: {integrity: sha512-yVRvFsEMrv7s0lGhzrggJjNOSmZCdgCjw9xWrPr/kNNLp6FaDfMC1KaYl3TSJ0c58bECwNBMoQrZJ8hA8E1eFg==}
    dependencies:
      '@types/http-errors': 2.0.2
      '@types/mime': 3.0.2
      '@types/node': 20.8.3
    dev: true
